
Microsoft Visual Studio Solution File, Format Version 12.00
# Visual Studio Version 17
VisualStudioVersion = 17.13.35818.85 d17.13
MinimumVisualStudioVersion = 10.0.40219.1
Project("{FAE04EC0-301F-11D3-BF4B-00C04F79EFBC}") = "LolSkillEx", "LolSkillEx\LolSkillEx.csproj", "{4A664774-E95B-4171-AE39-6034D749C9AE}"
EndProject
Global
	GlobalSection(SolutionConfigurationPlatforms) = preSolution
		Debug|Any CPU = Debug|Any CPU
		Release|Any CPU = Release|Any CPU
	EndGlobalSection
	GlobalSection(ProjectConfigurationPlatforms) = postSolution
		{4A664774-E95B-4171-AE39-6034D749C9AE}.Debug|Any CPU.ActiveCfg = Debug|Any CPU
		{4A664774-E95B-4171-AE39-6034D749C9AE}.Debug|Any CPU.Build.0 = Debug|Any CPU
		{4A664774-E95B-4171-AE39-6034D749C9AE}.Release|Any CPU.ActiveCfg = Release|Any CPU
		{4A664774-E95B-4171-AE39-6034D749C9AE}.Release|Any CPU.Build.0 = Release|Any CPU
	EndGlobalSection
	GlobalSection(SolutionProperties) = preSolution
		HideSolutionNode = FALSE
	EndGlobalSection
	GlobalSection(ExtensibilityGlobals) = postSolution
		SolutionGuid = {82BAFBDA-E8BD-40AB-8987-8286925A3CC1}
	EndGlobalSection
EndGlobal
