
Microsoft Visual Studio Solution File, Format Version 12.00
# Visual Studio Version 17
VisualStudioVersion = 17.13.35818.85 d17.13
MinimumVisualStudioVersion = 10.0.40219.1
Project("{FAE04EC0-301F-11D3-BF4B-00C04F79EFBC}") = "study17_2", "study17_2\study17_2.csproj", "{918CCFE7-5CFC-4EFD-B3E8-DFF80093CCA3}"
EndProject
Global
	GlobalSection(SolutionConfigurationPlatforms) = preSolution
		Debug|Any CPU = Debug|Any CPU
		Release|Any CPU = Release|Any CPU
	EndGlobalSection
	GlobalSection(ProjectConfigurationPlatforms) = postSolution
		{918CCFE7-5CFC-4EFD-B3E8-DFF80093CCA3}.Debug|Any CPU.ActiveCfg = Debug|Any CPU
		{918CCFE7-5CFC-4EFD-B3E8-DFF80093CCA3}.Debug|Any CPU.Build.0 = Debug|Any CPU
		{918CCFE7-5CFC-4EFD-B3E8-DFF80093CCA3}.Release|Any CPU.ActiveCfg = Release|Any CPU
		{918CCFE7-5CFC-4EFD-B3E8-DFF80093CCA3}.Release|Any CPU.Build.0 = Release|Any CPU
	EndGlobalSection
	GlobalSection(SolutionProperties) = preSolution
		HideSolutionNode = FALSE
	EndGlobalSection
	GlobalSection(ExtensibilityGlobals) = postSolution
		SolutionGuid = {41152D32-D824-4E02-8F7E-121EA17983E7}
	EndGlobalSection
EndGlobal
