
Microsoft Visual Studio Solution File, Format Version 12.00
# Visual Studio Version 17
VisualStudioVersion = 17.13.35818.85 d17.13
MinimumVisualStudioVersion = 10.0.40219.1
Project("{FAE04EC0-301F-11D3-BF4B-00C04F79EFBC}") = "study43", "study43\study43.csproj", "{57149EEE-BB3B-4727-9930-9BB4390C3A7A}"
EndProject
Global
	GlobalSection(SolutionConfigurationPlatforms) = preSolution
		Debug|Any CPU = Debug|Any CPU
		Release|Any CPU = Release|Any CPU
	EndGlobalSection
	GlobalSection(ProjectConfigurationPlatforms) = postSolution
		{57149EEE-BB3B-4727-9930-9BB4390C3A7A}.Debug|Any CPU.ActiveCfg = Debug|Any CPU
		{57149EEE-BB3B-4727-9930-9BB4390C3A7A}.Debug|Any CPU.Build.0 = Debug|Any CPU
		{57149EEE-BB3B-4727-9930-9BB4390C3A7A}.Release|Any CPU.ActiveCfg = Release|Any CPU
		{57149EEE-BB3B-4727-9930-9BB4390C3A7A}.Release|Any CPU.Build.0 = Release|Any CPU
	EndGlobalSection
	GlobalSection(SolutionProperties) = preSolution
		HideSolutionNode = FALSE
	EndGlobalSection
	GlobalSection(ExtensibilityGlobals) = postSolution
		SolutionGuid = {814B83EF-05CC-4035-AF50-61E83BCC8D7D}
	EndGlobalSection
EndGlobal
