
Microsoft Visual Studio Solution File, Format Version 12.00
# Visual Studio Version 17
VisualStudioVersion = 17.13.35818.85 d17.13
MinimumVisualStudioVersion = 10.0.40219.1
Project("{FAE04EC0-301F-11D3-BF4B-00C04F79EFBC}") = "study29", "study29\study29.csproj", "{65285218-1D49-4FE6-B39F-185768576524}"
EndProject
Global
	GlobalSection(SolutionConfigurationPlatforms) = preSolution
		Debug|Any CPU = Debug|Any CPU
		Release|Any CPU = Release|Any CPU
	EndGlobalSection
	GlobalSection(ProjectConfigurationPlatforms) = postSolution
		{65285218-1D49-4FE6-B39F-185768576524}.Debug|Any CPU.ActiveCfg = Debug|Any CPU
		{65285218-1D49-4FE6-B39F-185768576524}.Debug|Any CPU.Build.0 = Debug|Any CPU
		{65285218-1D49-4FE6-B39F-185768576524}.Release|Any CPU.ActiveCfg = Release|Any CPU
		{65285218-1D49-4FE6-B39F-185768576524}.Release|Any CPU.Build.0 = Release|Any CPU
	EndGlobalSection
	GlobalSection(SolutionProperties) = preSolution
		HideSolutionNode = FALSE
	EndGlobalSection
	GlobalSection(ExtensibilityGlobals) = postSolution
		SolutionGuid = {0FAFB06F-428C-479C-8641-1E094658DEE3}
	EndGlobalSection
EndGlobal
