
Microsoft Visual Studio Solution File, Format Version 12.00
# Visual Studio Version 17
VisualStudioVersion = 17.13.35818.85 d17.13
MinimumVisualStudioVersion = 10.0.40219.1
Project("{FAE04EC0-301F-11D3-BF4B-00C04F79EFBC}") = "study8", "study8\study8.csproj", "{81C178ED-A43D-4769-BC20-026C9765694F}"
EndProject
Global
	GlobalSection(SolutionConfigurationPlatforms) = preSolution
		Debug|Any CPU = Debug|Any CPU
		Release|Any CPU = Release|Any CPU
	EndGlobalSection
	GlobalSection(ProjectConfigurationPlatforms) = postSolution
		{81C178ED-A43D-4769-BC20-026C9765694F}.Debug|Any CPU.ActiveCfg = Debug|Any CPU
		{81C178ED-A43D-4769-BC20-026C9765694F}.Debug|Any CPU.Build.0 = Debug|Any CPU
		{81C178ED-A43D-4769-BC20-026C9765694F}.Release|Any CPU.ActiveCfg = Release|Any CPU
		{81C178ED-A43D-4769-BC20-026C9765694F}.Release|Any CPU.Build.0 = Release|Any CPU
	EndGlobalSection
	GlobalSection(SolutionProperties) = preSolution
		HideSolutionNode = FALSE
	EndGlobalSection
	GlobalSection(ExtensibilityGlobals) = postSolution
		SolutionGuid = {6C9272FD-C918-498E-A6FE-64B9F02608F3}
	EndGlobalSection
EndGlobal
