
Microsoft Visual Studio Solution File, Format Version 12.00
# Visual Studio Version 17
VisualStudioVersion = 17.13.35818.85 d17.13
MinimumVisualStudioVersion = 10.0.40219.1
Project("{FAE04EC0-301F-11D3-BF4B-00C04F79EFBC}") = "study12", "study12\study12.csproj", "{3C078183-9719-4602-9A15-808AF4490BBF}"
EndProject
Global
	GlobalSection(SolutionConfigurationPlatforms) = preSolution
		Debug|Any CPU = Debug|Any CPU
		Release|Any CPU = Release|Any CPU
	EndGlobalSection
	GlobalSection(ProjectConfigurationPlatforms) = postSolution
		{3C078183-9719-4602-9A15-808AF4490BBF}.Debug|Any CPU.ActiveCfg = Debug|Any CPU
		{3C078183-9719-4602-9A15-808AF4490BBF}.Debug|Any CPU.Build.0 = Debug|Any CPU
		{3C078183-9719-4602-9A15-808AF4490BBF}.Release|Any CPU.ActiveCfg = Release|Any CPU
		{3C078183-9719-4602-9A15-808AF4490BBF}.Release|Any CPU.Build.0 = Release|Any CPU
	EndGlobalSection
	GlobalSection(SolutionProperties) = preSolution
		HideSolutionNode = FALSE
	EndGlobalSection
	GlobalSection(ExtensibilityGlobals) = postSolution
		SolutionGuid = {66087233-45FB-423C-93FE-8632E097C9AD}
	EndGlobalSection
EndGlobal
