
Microsoft Visual Studio Solution File, Format Version 12.00
# Visual Studio Version 17
VisualStudioVersion = 17.13.35818.85 d17.13
MinimumVisualStudioVersion = 10.0.40219.1
Project("{FAE04EC0-301F-11D3-BF4B-00C04F79EFBC}") = "BrickGame", "BrickGame\BrickGame.csproj", "{CBCFE185-43F7-4F13-AC96-AF741F21CB96}"
EndProject
Global
	GlobalSection(SolutionConfigurationPlatforms) = preSolution
		Debug|Any CPU = Debug|Any CPU
		Release|Any CPU = Release|Any CPU
	EndGlobalSection
	GlobalSection(ProjectConfigurationPlatforms) = postSolution
		{CBCFE185-43F7-4F13-AC96-AF741F21CB96}.Debug|Any CPU.ActiveCfg = Debug|Any CPU
		{CBCFE185-43F7-4F13-AC96-AF741F21CB96}.Debug|Any CPU.Build.0 = Debug|Any CPU
		{CBCFE185-43F7-4F13-AC96-AF741F21CB96}.Release|Any CPU.ActiveCfg = Release|Any CPU
		{CBCFE185-43F7-4F13-AC96-AF741F21CB96}.Release|Any CPU.Build.0 = Release|Any CPU
	EndGlobalSection
	GlobalSection(SolutionProperties) = preSolution
		HideSolutionNode = FALSE
	EndGlobalSection
	GlobalSection(ExtensibilityGlobals) = postSolution
		SolutionGuid = {7E6A4EC2-EDC9-439C-8287-1AAFAEE8C85E}
	EndGlobalSection
EndGlobal
