
Microsoft Visual Studio Solution File, Format Version 12.00
# Visual Studio Version 17
VisualStudioVersion = 17.13.35818.85 d17.13
MinimumVisualStudioVersion = 10.0.40219.1
Project("{FAE04EC0-301F-11D3-BF4B-00C04F79EFBC}") = "콘솔좌표", "콘솔좌표\콘솔좌표.csproj", "{3C196D72-3FF9-41E0-A040-09A8602AC60A}"
EndProject
Global
	GlobalSection(SolutionConfigurationPlatforms) = preSolution
		Debug|Any CPU = Debug|Any CPU
		Release|Any CPU = Release|Any CPU
	EndGlobalSection
	GlobalSection(ProjectConfigurationPlatforms) = postSolution
		{3C196D72-3FF9-41E0-A040-09A8602AC60A}.Debug|Any CPU.ActiveCfg = Debug|Any CPU
		{3C196D72-3FF9-41E0-A040-09A8602AC60A}.Debug|Any CPU.Build.0 = Debug|Any CPU
		{3C196D72-3FF9-41E0-A040-09A8602AC60A}.Release|Any CPU.ActiveCfg = Release|Any CPU
		{3C196D72-3FF9-41E0-A040-09A8602AC60A}.Release|Any CPU.Build.0 = Release|Any CPU
	EndGlobalSection
	GlobalSection(SolutionProperties) = preSolution
		HideSolutionNode = FALSE
	EndGlobalSection
	GlobalSection(ExtensibilityGlobals) = postSolution
		SolutionGuid = {99959938-ABAD-4735-AA6F-2944B93D97DC}
	EndGlobalSection
EndGlobal
