
Microsoft Visual Studio Solution File, Format Version 12.00
# Visual Studio Version 17
VisualStudioVersion = 17.13.35818.85 d17.13
MinimumVisualStudioVersion = 10.0.40219.1
Project("{FAE04EC0-301F-11D3-BF4B-00C04F79EFBC}") = "study41", "study41\study41.csproj", "{4223B5C2-23D8-4CD3-95B0-7002062DCABB}"
EndProject
Global
	GlobalSection(SolutionConfigurationPlatforms) = preSolution
		Debug|Any CPU = Debug|Any CPU
		Release|Any CPU = Release|Any CPU
	EndGlobalSection
	GlobalSection(ProjectConfigurationPlatforms) = postSolution
		{4223B5C2-23D8-4CD3-95B0-7002062DCABB}.Debug|Any CPU.ActiveCfg = Debug|Any CPU
		{4223B5C2-23D8-4CD3-95B0-7002062DCABB}.Debug|Any CPU.Build.0 = Debug|Any CPU
		{4223B5C2-23D8-4CD3-95B0-7002062DCABB}.Release|Any CPU.ActiveCfg = Release|Any CPU
		{4223B5C2-23D8-4CD3-95B0-7002062DCABB}.Release|Any CPU.Build.0 = Release|Any CPU
	EndGlobalSection
	GlobalSection(SolutionProperties) = preSolution
		HideSolutionNode = FALSE
	EndGlobalSection
	GlobalSection(ExtensibilityGlobals) = postSolution
		SolutionGuid = {6C43A513-CCA0-484A-9A35-5329B01D7E91}
	EndGlobalSection
EndGlobal
