
Microsoft Visual Studio Solution File, Format Version 12.00
# Visual Studio Version 17
VisualStudioVersion = 17.13.35818.85 d17.13
MinimumVisualStudioVersion = 10.0.40219.1
Project("{FAE04EC0-301F-11D3-BF4B-00C04F79EFBC}") = "study14", "study14\study14.csproj", "{23AB5F11-CC14-4201-976F-6D09D2847DEE}"
EndProject
Global
	GlobalSection(SolutionConfigurationPlatforms) = preSolution
		Debug|Any CPU = Debug|Any CPU
		Release|Any CPU = Release|Any CPU
	EndGlobalSection
	GlobalSection(ProjectConfigurationPlatforms) = postSolution
		{23AB5F11-CC14-4201-976F-6D09D2847DEE}.Debug|Any CPU.ActiveCfg = Debug|Any CPU
		{23AB5F11-CC14-4201-976F-6D09D2847DEE}.Debug|Any CPU.Build.0 = Debug|Any CPU
		{23AB5F11-CC14-4201-976F-6D09D2847DEE}.Release|Any CPU.ActiveCfg = Release|Any CPU
		{23AB5F11-CC14-4201-976F-6D09D2847DEE}.Release|Any CPU.Build.0 = Release|Any CPU
	EndGlobalSection
	GlobalSection(SolutionProperties) = preSolution
		HideSolutionNode = FALSE
	EndGlobalSection
	GlobalSection(ExtensibilityGlobals) = postSolution
		SolutionGuid = {6C402800-3135-49D0-8836-DDC587DF5146}
	EndGlobalSection
EndGlobal
