
Microsoft Visual Studio Solution File, Format Version 12.00
# Visual Studio Version 17
VisualStudioVersion = 17.13.35818.85 d17.13
MinimumVisualStudioVersion = 10.0.40219.1
Project("{FAE04EC0-301F-11D3-BF4B-00C04F79EFBC}") = "study40", "study40\study40.csproj", "{04EB6524-25DA-45A3-A0A2-244057300FC9}"
EndProject
Global
	GlobalSection(SolutionConfigurationPlatforms) = preSolution
		Debug|Any CPU = Debug|Any CPU
		Release|Any CPU = Release|Any CPU
	EndGlobalSection
	GlobalSection(ProjectConfigurationPlatforms) = postSolution
		{04EB6524-25DA-45A3-A0A2-244057300FC9}.Debug|Any CPU.ActiveCfg = Debug|Any CPU
		{04EB6524-25DA-45A3-A0A2-244057300FC9}.Debug|Any CPU.Build.0 = Debug|Any CPU
		{04EB6524-25DA-45A3-A0A2-244057300FC9}.Release|Any CPU.ActiveCfg = Release|Any CPU
		{04EB6524-25DA-45A3-A0A2-244057300FC9}.Release|Any CPU.Build.0 = Release|Any CPU
	EndGlobalSection
	GlobalSection(SolutionProperties) = preSolution
		HideSolutionNode = FALSE
	EndGlobalSection
	GlobalSection(ExtensibilityGlobals) = postSolution
		SolutionGuid = {F83A77F6-F798-4497-AFDC-2A654A1F2DA0}
	EndGlobalSection
EndGlobal
