
Microsoft Visual Studio Solution File, Format Version 12.00
# Visual Studio Version 17
VisualStudioVersion = 17.13.35818.85 d17.13
MinimumVisualStudioVersion = 10.0.40219.1
Project("{FAE04EC0-301F-11D3-BF4B-00C04F79EFBC}") = "study26", "study26\study26.csproj", "{B6AE8949-90CA-40E4-9835-E04996610CB9}"
EndProject
Global
	GlobalSection(SolutionConfigurationPlatforms) = preSolution
		Debug|Any CPU = Debug|Any CPU
		Release|Any CPU = Release|Any CPU
	EndGlobalSection
	GlobalSection(ProjectConfigurationPlatforms) = postSolution
		{B6AE8949-90CA-40E4-9835-E04996610CB9}.Debug|Any CPU.ActiveCfg = Debug|Any CPU
		{B6AE8949-90CA-40E4-9835-E04996610CB9}.Debug|Any CPU.Build.0 = Debug|Any CPU
		{B6AE8949-90CA-40E4-9835-E04996610CB9}.Release|Any CPU.ActiveCfg = Release|Any CPU
		{B6AE8949-90CA-40E4-9835-E04996610CB9}.Release|Any CPU.Build.0 = Release|Any CPU
	EndGlobalSection
	GlobalSection(SolutionProperties) = preSolution
		HideSolutionNode = FALSE
	EndGlobalSection
	GlobalSection(ExtensibilityGlobals) = postSolution
		SolutionGuid = {248ABBD2-EC02-4F55-9580-2D4231F4A2CD}
	EndGlobalSection
EndGlobal
