
Microsoft Visual Studio Solution File, Format Version 12.00
# Visual Studio Version 17
VisualStudioVersion = 17.13.35818.85 d17.13
MinimumVisualStudioVersion = 10.0.40219.1
Project("{FAE04EC0-301F-11D3-BF4B-00C04F79EFBC}") = "study9", "study9\study9.csproj", "{7CDD59A7-3376-4FDA-B5B8-ED1E34BED045}"
EndProject
Global
	GlobalSection(SolutionConfigurationPlatforms) = preSolution
		Debug|Any CPU = Debug|Any CPU
		Release|Any CPU = Release|Any CPU
	EndGlobalSection
	GlobalSection(ProjectConfigurationPlatforms) = postSolution
		{7CDD59A7-3376-4FDA-B5B8-ED1E34BED045}.Debug|Any CPU.ActiveCfg = Debug|Any CPU
		{7CDD59A7-3376-4FDA-B5B8-ED1E34BED045}.Debug|Any CPU.Build.0 = Debug|Any CPU
		{7CDD59A7-3376-4FDA-B5B8-ED1E34BED045}.Release|Any CPU.ActiveCfg = Release|Any CPU
		{7CDD59A7-3376-4FDA-B5B8-ED1E34BED045}.Release|Any CPU.Build.0 = Release|Any CPU
	EndGlobalSection
	GlobalSection(SolutionProperties) = preSolution
		HideSolutionNode = FALSE
	EndGlobalSection
	GlobalSection(ExtensibilityGlobals) = postSolution
		SolutionGuid = {66CC27F3-094B-43BB-8068-380A51984472}
	EndGlobalSection
EndGlobal
